{
    "_meta": {
        "hash": {
            "sha256": "76bab7820d4a4ea4c8b946b54238e2109baba2db3ce45607d64a19212797d5bb"
        },
        "host-environment-markers": {
            "implementation_name": "cpython",
            "implementation_version": "3.6.1",
            "os_name": "posix",
            "platform_machine": "x86_64",
            "platform_python_implementation": "CPython",
            "platform_release": "4.10.0-37-generic",
            "platform_system": "Linux",
            "platform_version": "#41-Ubuntu SMP Fri Oct 6 20:20:37 UTC 2017",
            "python_full_version": "3.6.1",
            "python_version": "3.6",
            "sys_platform": "linux"
        },
        "pipfile-spec": 6,
        "requires": {
            "python_version": "3.6"
        },
        "sources": [
            {
                "name": "pypi",
                "url": "https://pypi.python.org/simple",
                "verify_ssl": true
            }
        ]
    },
    "default": {
        "bleach": {
            "hashes": [
                "sha256:7a316eac1eef1e98b9813636ebe05878aab1a658d2708047fb00fe2bcbc49f84",
                "sha256:760a9368002180fb8a0f4ea48dc6275378e6f311c39d0236d7b904fca1f5ea0d"
            ],
            "version": "==2.1.1"
        },
        "captcha": {
            "hashes": [
                "sha256:d20ababbe4aa834b32e409c576c5fc23a4b26811ca6296943d2e7717621e753a",
                "sha256:d478f928e0e943b47007e3074a5a60ba0600cfae7553ad8346b4778bbcd0b850"
            ],
            "version": "==0.2.4"
        },
        "click": {
            "hashes": [
                "sha256:29f99fc6125fbc931b758dc053b3114e55c77a6e4c6c3a2674a2dc986016381d",
                "sha256:f15516df478d5a56180fbf80e68f206010e6d160fc39fa508b65e035fd75130b"
            ],
            "version": "==6.7"
        },
        "decorator": {
            "hashes": [
                "sha256:95a26b17806e284452bfd97fa20aa1e8cb4ee23542bda4dbac5e4562aa1642cd",
                "sha256:7cb64d38cb8002971710c8899fbdfb859a23a364b7c99dab19d1f719c2ba16b5"
            ],
            "version": "==4.1.2"
        },
        "entrypoints": {
            "hashes": [
                "sha256:10ad569bb245e7e2ba425285b9fa3e8178a0dc92fc53b1e1c553805e15a8825b",
                "sha256:d2d587dde06f99545fb13a383d2cd336a8ff1f359c5839ce3a64c917d10c029f"
            ],
            "version": "==0.2.3"
        },
        "flask": {
            "hashes": [
                "sha256:0749df235e3ff61ac108f69ac178c9770caeaccad2509cb762ce1f65570a8856",
                "sha256:49f44461237b69ecd901cc7ce66feea0319b9158743dd27a2899962ab214dac1"
            ],
            "version": "==0.12.2"
        },
        "flask-session-captcha": {
            "hashes": [
                "sha256:e65ddd3c269f6a27b64b5badb3aa6ff31642f044863dd33240ba810e69705159"
            ],
            "version": "==1.1.0"
        },
        "flask-sessionstore": {
            "hashes": [
                "sha256:c4ff03d5abe3e5048cf3435c930eda090f54efe77cffa6201247cd63f6c7ee4b",
                "sha256:010de35ab9f0d9423c2f79c5131e00843c063f847c4ebee204cb034b98cb40f4"
            ],
            "version": "==0.4.5"
        },
        "flask-sqlalchemy": {
            "hashes": [
                "sha256:3bc0fac969dd8c0ace01b32060f0c729565293302f0c4269beed154b46bec50b",
                "sha256:5971b9852b5888655f11db634e87725a9031e170f37c0ce7851cf83497f56e53"
            ],
            "version": "==2.3.2"
        },
        "html5lib": {
            "hashes": [
                "sha256:08a3efc117a4fc8c82c3c6d10d6f58ae266428d57ed50258a1466d2cd88de745",
                "sha256:0d5fd54d5b2b79b876007a70c033a4023577768d18022c15681c00561432a0f9"
            ],
            "version": "==1.0b10"
        },
        "ipykernel": {
            "hashes": [
                "sha256:188c786b7d1786b10214aa64089e62bb2ee54dd2aa3d17db5bb39ffacf44b21d",
                "sha256:afe2bebd8b47ac91801f13f26c228897ebd63793e7daa271921fdbc6dd719173",
                "sha256:2e1825aca4e2585b5adb7953ea16e53f53a62159ed49952a564b1e23507205db"
            ],
            "version": "==4.6.1"
        },
        "ipython": {
            "hashes": [
                "sha256:fcc6d46f08c3c4de7b15ae1c426e15be1b7932bcda9d83ce1a4304e8c1129df3",
                "sha256:51c158a6c8b899898d1c91c6b51a34110196815cc905f9be0fa5878e19355608"
            ],
            "version": "==6.2.1"
        },
        "ipython-genutils": {
            "hashes": [
                "sha256:72dd37233799e619666c9f639a9da83c34013a73e8bbc79a7a6348d93c61fab8",
                "sha256:eb2e116e75ecef9d4d228fdc66af54269afa26ab4463042e33785b887c628ba8"
            ],
            "version": "==0.2.0"
        },
        "ipywidgets": {
            "hashes": [
                "sha256:a805635c038783f020bbad50f909a7367a38cae80274f562f82d1f77282e6925",
                "sha256:f98b4c3719097c9d2e6489f303db520b20bd4de3e0b1d6d4f92f81bfe3c2a0c8"
            ],
            "version": "==7.0.3"
        },
        "itsdangerous": {
            "hashes": [
                "sha256:cbb3fcf8d3e33df861709ecaf89d9e6629cff0a217bc2848f1b41cd30d360519"
            ],
            "version": "==0.24"
        },
        "jedi": {
            "hashes": [
                "sha256:3af518490ffcd00a3074c135b42511e081575e9abd115c216a34491411ceebb0",
                "sha256:f6d5973573e76b1fd2ea75f6dcd6445d02d41ff3af5fc61b275b4e323d1dd396"
            ],
            "version": "==0.11.0"
        },
        "jinja2": {
            "hashes": [
                "sha256:2231bace0dfd8d2bf1e5d7e41239c06c9e0ded46e70cc1094a0aa64b0afeb054",
                "sha256:ddaa01a212cd6d641401cb01b605f4a4d9f37bfc93043d7f760ec70fb99ff9ff"
            ],
            "version": "==2.9.6"
        },
        "jsonschema": {
            "hashes": [
                "sha256:000e68abd33c972a5248544925a0cae7d1125f9bf6c58280d37546b946769a08",
                "sha256:6ff5f3180870836cae40f06fa10419f557208175f13ad7bc26caa77beb1f6e02"
            ],
            "version": "==2.6.0"
        },
        "jupyter": {
            "hashes": [
                "sha256:5b290f93b98ffbc21c0c7e749f054b3267782166d72fa5e3ed1ed4eaf34a2b78",
                "sha256:d9dc4b3318f310e34c82951ea5d6683f67bed7def4b259fafbfe4f1beb1d8e5f",
                "sha256:3e1f86076bbb7c8c207829390305a2b1fe836d471ed54be66a3b8c41e7f46cc7"
            ],
            "version": "==1.0.0"
        },
        "jupyter-client": {
            "hashes": [
                "sha256:9294519538a2768f2e912dc3d82539b2b6b66d10740595b9f5bef7a8ac3d7c69",
                "sha256:08756b021765c97bc5665390700a4255c2df31666ead8bff116b368d09912aba"
            ],
            "version": "==5.1.0"
        },
        "jupyter-console": {
            "hashes": [
                "sha256:3f928b817fc82cda95e431eb4c2b5eb21be5c483c2b43f424761a966bb808094",
                "sha256:545dedd3aaaa355148093c5609f0229aeb121b4852995c2accfa64fe3e0e55cd"
            ],
            "version": "==5.2.0"
        },
        "jupyter-core": {
            "hashes": [
                "sha256:63218bb5c1c0f3bba25027e1b51cf00a71ce2a1b06d1bb4bbb6e311492790125",
                "sha256:a96b129e1641425bf057c3d46f4f44adce747a7d60107e8ad771045c36514d40"
            ],
            "version": "==4.3.0"
        },
        "markupsafe": {
            "hashes": [
                "sha256:a6be69091dac236ea9c6bc7d012beab42010fa914c459791d627dad4910eb665"
            ],
            "version": "==1.0"
        },
        "mistune": {
            "hashes": [
                "sha256:78f5d7f4850c0df94aeec64f994bb8390ca0bc717034bff8d63452815695f02f",
                "sha256:dc3f43e7cf0abb95cdfecbf82d85c419108d5f13e1844b2a8a2fc0abf24c7a47"
            ],
            "version": "==0.8"
        },
        "mysqlclient": {
            "hashes": [
                "sha256:b3b1a7e4468180afb79289b54069d9499242946a4cedf3928cbf6b2a13800016",
                "sha256:d56e379c03efad746e84705cbb97401f60d1f98b05e11a27f2d9c2d043936974",
                "sha256:371df79d000af56b4e540b7ce2120d1c9afb04b751bfce25a1eb609c50fd10ff",
                "sha256:1e85e48b167e2af3bb08f273fdbd1ad6401cbe75057fa6513f97387dc7b282dc",
                "sha256:2d9ec33de39f4d9c64ad7322ede0521d85829ce36a76f9dd3d6ab76a9c8648e5"
            ],
            "version": "==1.3.12"
        },
        "nbconvert": {
            "hashes": [
                "sha256:260d390b989a647575b8ecae2cd06a9eaead10d396733d6e50185d5ebd08996e",
                "sha256:12b1a4671d4463ab73af6e4cbcc965b62254e05d182cd54995dda0d0ef9e2db9"
            ],
            "version": "==5.3.1"
        },
        "nbformat": {
            "hashes": [
                "sha256:b9a0dbdbd45bb034f4f8893cafd6f652ea08c8c1674ba83f2dc55d3955743b0b",
                "sha256:f7494ef0df60766b7cabe0a3651556345a963b74dbc16bc7c18479041170d402"
            ],
            "version": "==4.4.0"
        },
        "notebook": {
            "hashes": [
                "sha256:9c0247b63ed33f21c5c6241f09fc7dae84416e6d1a591b6d262b88b49db98e82",
                "sha256:7fafcd1ae638bd70bca3621982a69ccdc47ea19b234694073b617f59e79403ea"
            ],
            "version": "==5.2.0"
        },
        "olefile": {
            "hashes": [
                "sha256:61f2ca0cd0aa77279eb943c07f607438edf374096b66332fae1ee64a6f0f73ad"
            ],
            "version": "==0.44"
        },
        "pandocfilters": {
            "hashes": [
                "sha256:b3dd70e169bb5449e6bc6ff96aea89c5eea8c5f6ab5e207fc2f521a2cf4a0da9"
            ],
            "version": "==1.4.2"
        },
        "parso": {
            "hashes": [
                "sha256:b573acb69f66a970197b5fdbbdfad3b8a417a520e383133b2b4e708f104bfc9a",
                "sha256:c5279916bb417aa2bf634648ff895cf35dce371d7319744884827bfad06f8d7b"
            ],
            "version": "==0.1.0"
        },
        "pexpect": {
            "hashes": [
                "sha256:f853b52afaf3b064d29854771e2db509ef80392509bde2dd7a6ecf2dfc3f0018",
                "sha256:3d132465a75b57aa818341c6521392a06cc660feb3988d7f1074f39bd23c9a92"
            ],
            "markers": "sys_platform != 'win32'",
            "version": "==4.2.1"
        },
        "pickleshare": {
            "hashes": [
                "sha256:c9a2541f25aeabc070f12f452e1f2a8eae2abd51e1cd19e8430402bdf4c1d8b5",
                "sha256:84a9257227dfdd6fe1b4be1319096c20eb85ff1e82c7932f36efccfe1b09737b"
            ],
            "version": "==0.7.4"
        },
        "pillow": {
            "hashes": [
                "sha256:cc6a5ed5b8f9d2f25e4e42d562e0ec4df3ce838f9e9b9d9d9b65fac6fe93a4cc",
                "sha256:54898190b538a6c8fa4228e866ff2e7609da1ba9fd1d9cc5dc8ca591d37ce0a8",
                "sha256:a336596b06e062b92eb8201a3b5dff07ae01c3a5d08ce5539d2da49b123f2be6",
                "sha256:922aeb050bd52d8ce9531ab57fd2440bfe975900e8700fec385fb741c3c557c7",
                "sha256:6d814aa655d94c63547fc3208cb6ab886ff1a64c543b31f52658663b1bb3f011",
                "sha256:e66080685863444738f08e13081c287e340b6e4f8bd674a2e0da967776ac6f46",
                "sha256:575a9b3468c82f38be0419cd39d35001ae95a0cc5226534e45430035fecef583",
                "sha256:4fb8ab0f8895fb946454ef6ffe806f49ee387095f2d6112ae24670e5fb8fbcd9",
                "sha256:1d742642d01914b7e0cf6fd597a51f57d21fd68f794cf84803e03e72db78a261",
                "sha256:59cef683d79b85d55a950c1e61dc7b6be0c45a5074692746354cd9a8ace1cd17",
                "sha256:822e4fc261d12fa44d88dadee0e93d59663db94d962d4ffffbf09b1fe5e5be51",
                "sha256:a6f43511c79bed431ec2b56e55150b5222c732cd9e5f80e77a44e068e94c71fc",
                "sha256:2046a2001e2c413998951cc28aa0dbfd4cff846a12e24c2145d42630d5104094",
                "sha256:39c7c9dcf64430091e30ef14d4191b4cae9b7b5ff29762357730aac4866fb189",
                "sha256:f2d71951f473744ac617b645b62d0c4df5372ef4618c425646bfe5e2e8878e61",
                "sha256:9adcfa2477b7e279ebeee75b49f535518201bbd7d26ca2ef1cf6751cb6e658e8",
                "sha256:0e3b56364a2c772c961a8faad8a835d3f24d8848310de035c9e07cc006035cbc",
                "sha256:92087cb92a968421f42235f7d8153f4766b6ba213a6efb36b8060f3c9d294569",
                "sha256:53eaec751151b5713a15b1cd62b06d0fc16d72f56623c15448728c554c30770b",
                "sha256:e595312f67962d6b4fde3b7dffaaaca4becefa522d677676bb57b0ec5f8f921a",
                "sha256:dc32362d0cadf18c3aef7040455760106cafe7dd3c211dc27c507e746376bb56",
                "sha256:759e5e3e99c4ac87b99e9288a75236c63173d1bb24c8d3f9d9d2c8332fceeb0a",
                "sha256:b13106cb83a3b7d1a02fafb94bfafbc980465ba948b76ea1996245959c6783d2",
                "sha256:9184b9788a9cf677e53626a4dc141136a22d349a5480479b98defd3cfb5015a4",
                "sha256:be803fae6af36639524a0f6861a8cface67bbec66c3416c3eaf592f1d45b8b20",
                "sha256:effa82e72f5064439a3d2c7ff615b999eb1c4d65bb1f1e6ee6e2ddb345b3e81e",
                "sha256:9dc002a914cefa710dcb9fb204d34f6cd822662047a6038178f5fc9bfa7be961",
                "sha256:7b3cf7a80608ed661b77793f64e1f2bd1e77136ad0b750aa2c81fac9c7e2c785",
                "sha256:a9bad3405a642649e68568fe9832e8f6ae585354ab0b4ae250816ead11a553a2",
                "sha256:4d3dbd93b131013a71b2e98530dd4945a03c7994d42381e44a921dd8bec300bc",
                "sha256:9a1514bee2e32e0d4c0f55ba7a20f4387f883e37c7d2db64ca50449ffebe86cc",
                "sha256:a9721fe1f6fdfe0c108ea81b1a05dc216f1ec5bb65ef1de1d85fd00494d019e0",
                "sha256:e75d745306ec8aac0e6903358fdfc7fb6854febe551ed753ee7a1cad058b61bb",
                "sha256:ccc9c1f5ba413fc5ee09bc78de7dd2ad8e189edb48f3bc38acedd04a7f43a0c1",
                "sha256:150e24462fd106074a9a63417a55fbb0c633716cef9511f1bd7a773972de14f4",
                "sha256:250d8470661fd657c2583672ab5139f40e7f2ef28ecdc90f87563af0b27f6fba",
                "sha256:a97c715d44efd5b4aa8d739b8fad88b93ed79f1b33fc2822d5802043f3b1b527",
                "sha256:dbefe5aa0882f00f12eceb3fb7df57105cd87fae767ca025db4685b7577c2390",
                "sha256:62a7bbf0a1120ff07a99ddedd383779a8d80bd9d363f3964b2b43a26cef6ea50",
                "sha256:42b4a67949085ddd4559c3c716a00a275fb45cb2c3a3aeec95c4b94419b7c243",
                "sha256:0ac037e6c1746d63a1ea354f0d5974d8f3f984fc0333be373ad193711a89b1e9",
                "sha256:8989cbf10ea07fc9982ec86116f6234bb3e44da481874ac94650d6176f60106f",
                "sha256:77834551d3e928f3da922ce9dfb5c8db46758ea2f2922d4c5835a5b67a222aff",
                "sha256:c00301e807084706bd46a1c56694ee235debe68eaf482c0186edfe07b93a9f6a",
                "sha256:0163bd681d3488e2e9c26f4fbbfefcfb7f32259c431bfd2c3bc25574708a8b8c",
                "sha256:223b06c337d8d60fb65af3b540ab1fa4644931d61d1fddf6e32f7a0e496685f2",
                "sha256:1ab641cb7daf88e88ede8d3b89b7bd68a7099d8671160492d5e6845e24426080"
            ],
            "version": "==4.3.0"
        },
        "prompt-toolkit": {
            "hashes": [
                "sha256:3f473ae040ddaa52b52f97f6b4a493cfa9f5920c255a12dc56a7d34397a398a4",
                "sha256:1df952620eccb399c53ebb359cc7d9a8d3a9538cb34c5a1344bdbeb29fbcc381",
                "sha256:858588f1983ca497f1cf4ffde01d978a3ea02b01c8a26a8bbc5cd2e66d816917"
            ],
            "version": "==1.0.15"
        },
        "ptyprocess": {
            "hashes": [
                "sha256:e8c43b5eee76b2083a9badde89fd1bbce6c8942d1045146e100b7b5e014f4f1a",
                "sha256:e64193f0047ad603b71f202332ab5527c5e52aa7c8b609704fc28c0dc20c4365"
            ],
            "version": "==0.5.2"
        },
        "pygments": {
            "hashes": [
                "sha256:78f3f434bcc5d6ee09020f92ba487f95ba50f1e3ef83ae96b9d5ffa1bab25c5d",
                "sha256:dbae1046def0efb574852fab9e90209b23f556367b5a320c0bcb871c77c3e8cc"
            ],
            "version": "==2.2.0"
        },
        "python-dateutil": {
            "hashes": [
                "sha256:95511bae634d69bc7329ba55e646499a842bc4ec342ad54a8cdb65645a0aad3c",
                "sha256:891c38b2a02f5bb1be3e4793866c8df49c7d19baabf9c1bad62547e0b4866aca"
            ],
            "version": "==2.6.1"
        },
        "pyzmq": {
            "hashes": [
                "sha256:bf5b68eb52acb511be3e0612758a3fddb8c2557a4b49572615886721a5ec34a3",
                "sha256:f1cf9d6851889adbfc287de48869383b5d413ee8ef6273367640917fa9d0be84",
                "sha256:9c14fb9ebdb040fa73ef1bb1c240fdd4b43f04c3d2a28c1564e73af9a8afa152",
                "sha256:9e514b6b5347e71b626b92fb0bcd58d81e1448b6fd1b4f39287636018db3aa44",
                "sha256:5c50b4cbfa563bddccc2e1cc994c6d20cb3d2f2d97927e69c87414c317a12f9c",
                "sha256:9d1732a096da76c3c9c9b38ee819cd4857a827d136dc3362078f5c86246fe80a",
                "sha256:a0427e1c7792fd157bde2655148f2ece65ce5ae7d9deb040c42b28efba1494e6",
                "sha256:2c8e3137e5e67be5d65cf487ca81980f39179eea166016377d4b075ae4894537",
                "sha256:00e76f45ceb31f905b49a8690da36de4087009b876d3b17318b46c0bf9c4f208",
                "sha256:ad1930709bc5ff9f86e63fe429a4f99e5ddfb75b006463bafbfd024cb0d74c63",
                "sha256:9baa6b3d0c415c0ce1b4abe794e41605e7076b2aeb7b48d71784bbf648125103",
                "sha256:b650147d98c92cf21c3d9896d5a03fa62f5f16a7bcdb7283c74a0b85c3f2fb86",
                "sha256:868bfb8dc6b95c45ce9319f10b2e6c71f600f860783fd060fa0d8242d3f84c05",
                "sha256:2f1c5cde08368d259831b26b27e8ed1d2667238cf2e6797dd72494a8a12af136",
                "sha256:92039c0095fcadcc6baa8de5eabfd65c42c48b3f6a49f62a38660e45c4de9a84",
                "sha256:d3f3b5fd31b662f0c6543e859c2710ac176bb00e3ead0284a86db9d2da24d4c4",
                "sha256:9b0ab561b70e85ed7dff038ea59bf69e88fe5e65cb0af49c1cfa258b5d855953",
                "sha256:39f78f422730d0447e612bd0f00f02ecd84dffa8b6bebb0aca8ae8c2f01ff17d",
                "sha256:d52995526a82a0e3d89cbba0b53c13e8223a003b40913fdf7d577ebc92ecc106",
                "sha256:7722af57f44a8b12d14047b594d67ba92e3faaed2b44ad0e62adb08a3335cd61",
                "sha256:3c3471d3fd9212aff0109d9bf7825bafed9731afc57b583bc655217852a20ac1",
                "sha256:0322543fff5ab6f87d11a8a099c4c07dd8a1719040084b6ce9162bcdf5c45c9d"
            ],
            "version": "==16.0.2"
        },
        "qtconsole": {
            "hashes": [
                "sha256:b3d10314cbaad76c3157cf922eb410812cde472e8e7c6bd3d5a92d30145bcde1",
                "sha256:eff8c2faeda567a0bef5781f419a64e9977988db101652b312b9d74ec0a5109c"
            ],
            "version": "==4.3.1"
        },
        "simplegeneric": {
            "hashes": [
                "sha256:dc972e06094b9af5b855b3df4a646395e43d1c9d0d39ed345b7393560d0b9173"
            ],
            "version": "==0.8.1"
        },
        "six": {
            "hashes": [
                "sha256:832dc0e10feb1aa2c68dcc57dbb658f1c7e65b9b61af69048abc87a2db00a0eb",
                "sha256:70e8a77beed4562e7f14fe23a786b54f6296e34344c23bc42f07b15018ff98e9"
            ],
            "version": "==1.11.0"
        },
        "sqlalchemy": {
            "hashes": [
                "sha256:f1191e29e35b6fe1aef7175a09b1707ebb7bd08d0b17cb0feada76c49e5a2d1e"
            ],
            "version": "==1.1.14"
        },
        "terminado": {
            "hashes": [
                "sha256:2c0ba1f624067dccaaead7d2247cfe029806355cef124dc2ccb53c83229f0126"
            ],
            "markers": "sys_platform != 'win32'",
            "version": "==0.6"
        },
        "testpath": {
            "hashes": [
                "sha256:039fa6a6c9fd3488f8336d23aebbfead5fa602c4a47d49d83845f55a595ec1b4",
                "sha256:0d5337839c788da5900df70f8e01015aec141aa3fe7936cb0d0a2953f7ac7609"
            ],
            "version": "==0.3.1"
        },
        "tornado": {
            "hashes": [
                "sha256:62a5d4c66bf4e86d25a02e9de97293860b59e61f9c465e80336ba0fc308aacf6",
                "sha256:f109c066411c44bcd3bc877267b45feb8e29092ede59dd0582739444c2344b00",
                "sha256:e66f47db4753c6f6849af1f82f04bdc7d2c1f5d64b7cc11ddd17230295c8887f",
                "sha256:2b40720a7b164848ca5c51fab0feac7e3717adcb87bec77f81f7809b72bf7f56",
                "sha256:1fb8e494cd46c674d86fac5885a3ff87b0e283937a47d74eb3c02a48c9e89ad0"
            ],
            "version": "==4.5.2"
        },
        "traitlets": {
            "hashes": [
                "sha256:c6cb5e6f57c5a9bdaa40fa71ce7b4af30298fbab9ece9815b5d995ab6217c7d9",
                "sha256:9c4bd2d267b7153df9152698efb1050a5d84982d3384a37b2c1f7723ba3e7835"
            ],
            "version": "==4.3.2"
        },
        "wcwidth": {
            "hashes": [
                "sha256:f4ebe71925af7b40a864553f761ed559b43544f8f71746c2d756c7fe788ade7c",
                "sha256:3df37372226d6e63e1b1e1eda15c594bca98a22d33a23832a90998faa96bc65e"
            ],
            "version": "==0.1.7"
        },
        "webencodings": {
            "hashes": [
                "sha256:a0af1213f3c2226497a97e2b3aa01a7e4bee4f403f95be16fc9acd2947514a78",
                "sha256:b36a1c245f2d304965eb4e0a82848379241dc04b865afcc4aab16748587e1923"
            ],
            "version": "==0.5.1"
        },
        "werkzeug": {
            "hashes": [
                "sha256:e8549c143af3ce6559699a01e26fa4174f4c591dbee0a499f3cd4c3781cdec3d",
                "sha256:903a7b87b74635244548b30d30db4c8947fe64c5198f58899ddcd3a13c23bb26"
            ],
            "version": "==0.12.2"
        },
        "widgetsnbextension": {
            "hashes": [
                "sha256:7d502e39c932c5389f136a6b66e7b1c1346a743d391bc0fee15629d9f0830c85",
                "sha256:3fbedb4ae0883f48af2397c65a8f9fbf8ed868f1808db70f8aa72f25d391fa9b"
            ],
            "version": "==3.0.6"
        }
    },
    "develop": {}
}
